
Microsoft Visual Studio Solution File, Format Version 12.00
# Visual Studio Version 17
VisualStudioVersion = 17.5.002.0
MinimumVisualStudioVersion = 10.0.40219.1
Project("{9A19103F-16F7-4668-BE54-9A1E7A4F7556}") = "PlaywrightTests", "PlaywrightTests\PlaywrightTests.csproj", "{9C882D21-E63B-42F5-87CC-1D803F2B4732}"
EndProject
Global
	GlobalSection(SolutionConfigurationPlatforms) = preSolution
		Debug|Any CPU = Debug|Any CPU
		Release|Any CPU = Release|Any CPU
	EndGlobalSection
	GlobalSection(ProjectConfigurationPlatforms) = postSolution
		{9C882D21-E63B-42F5-87CC-1D803F2B4732}.Debug|Any CPU.ActiveCfg = Debug|Any CPU
		{9C882D21-E63B-42F5-87CC-1D803F2B4732}.Debug|Any CPU.Build.0 = Debug|Any CPU
		{9C882D21-E63B-42F5-87CC-1D803F2B4732}.Release|Any CPU.ActiveCfg = Release|Any CPU
		{9C882D21-E63B-42F5-87CC-1D803F2B4732}.Release|Any CPU.Build.0 = Release|Any CPU
	EndGlobalSection
	GlobalSection(SolutionProperties) = preSolution
		HideSolutionNode = FALSE
	EndGlobalSection
	GlobalSection(ExtensibilityGlobals) = postSolution
		SolutionGuid = {B481537D-0922-4BE6-8215-8A64B9EA819B}
	EndGlobalSection
EndGlobal
